
Microsoft Visual Studio Solution File, Format Version 12.00
# Visual Studio Version 17
VisualStudioVersion = 17.0.31919.166
MinimumVisualStudioVersion = 10.0.40219.1
Project("{FAE04EC0-301F-11D3-BF4B-00C04F79EFBC}") = "ToDo", "ToDo\ToDo.csproj", "{5E94DCF1-F05F-47D5-AA09-0E8DDD0C6D84}"
EndProject
Global
	GlobalSection(SolutionConfigurationPlatforms) = preSolution
		Debug|Any CPU = Debug|Any CPU
		Release|Any CPU = Release|Any CPU
	EndGlobalSection
	GlobalSection(ProjectConfigurationPlatforms) = postSolution
		{5E94DCF1-F05F-47D5-AA09-0E8DDD0C6D84}.Debug|Any CPU.ActiveCfg = Debug|Any CPU
		{5E94DCF1-F05F-47D5-AA09-0E8DDD0C6D84}.Debug|Any CPU.Build.0 = Debug|Any CPU
		{5E94DCF1-F05F-47D5-AA09-0E8DDD0C6D84}.Release|Any CPU.ActiveCfg = Release|Any CPU
		{5E94DCF1-F05F-47D5-AA09-0E8DDD0C6D84}.Release|Any CPU.Build.0 = Release|Any CPU
	EndGlobalSection
	GlobalSection(SolutionProperties) = preSolution
		HideSolutionNode = FALSE
	EndGlobalSection
	GlobalSection(ExtensibilityGlobals) = postSolution
		SolutionGuid = {01D38E4B-C56C-4FF7-A720-7B31E721688E}
	EndGlobalSection
EndGlobal
